
Microsoft Visual Studio Solution File, Format Version 12.00
# Visual Studio Version 16
VisualStudioVersion = 25.0.1706.9
MinimumVisualStudioVersion = 10.0.40219.1
Project("{FAE04EC0-301F-11D3-BF4B-00C04F79EFBC}") = "AlbanianQuora", "AlbanianQuora.csproj", "{3573887E-3523-40C7-8BF6-E6ED277EC8C3}"
EndProject
Global
	GlobalSection(SolutionConfigurationPlatforms) = preSolution
		Debug|Any CPU = Debug|Any CPU
		Release|Any CPU = Release|Any CPU
	EndGlobalSection
	GlobalSection(ProjectConfigurationPlatforms) = postSolution
		{3573887E-3523-40C7-8BF6-E6ED277EC8C3}.Debug|Any CPU.ActiveCfg = Debug|Any CPU
		{3573887E-3523-40C7-8BF6-E6ED277EC8C3}.Debug|Any CPU.Build.0 = Debug|Any CPU
		{3573887E-3523-40C7-8BF6-E6ED277EC8C3}.Release|Any CPU.ActiveCfg = Release|Any CPU
		{3573887E-3523-40C7-8BF6-E6ED277EC8C3}.Release|Any CPU.Build.0 = Release|Any CPU
	EndGlobalSection
	GlobalSection(SolutionProperties) = preSolution
		HideSolutionNode = FALSE
	EndGlobalSection
	GlobalSection(ExtensibilityGlobals) = postSolution
		SolutionGuid = {A927F0B3-58FD-4994-B18B-CAADB67A566C}
	EndGlobalSection
EndGlobal
